
Microsoft Visual Studio Solution File, Format Version 12.00
# Visual Studio 15
VisualStudioVersion = 15.0.27428.2027
MinimumVisualStudioVersion = 10.0.40219.1
Project("{FAE04EC0-301F-11D3-BF4B-00C04F79EFBC}") = "TiendaProductosG1-2019-1", "TiendaProductosG1-2019-1\TiendaProductosG1-2019-1.csproj", "{F85EF970-2A8F-4544-BF80-59905A0661E1}"
EndProject
Project("{FAE04EC0-301F-11D3-BF4B-00C04F79EFBC}") = "InterfazPago", "InterfazPago\InterfazPago.csproj", "{0E99CCA7-E9B8-4D45-B9BE-4A0958AEC810}"
EndProject
Global
	GlobalSection(SolutionConfigurationPlatforms) = preSolution
		Debug|Any CPU = Debug|Any CPU
		Release|Any CPU = Release|Any CPU
	EndGlobalSection
	GlobalSection(ProjectConfigurationPlatforms) = postSolution
		{F85EF970-2A8F-4544-BF80-59905A0661E1}.Debug|Any CPU.ActiveCfg = Debug|Any CPU
		{F85EF970-2A8F-4544-BF80-59905A0661E1}.Debug|Any CPU.Build.0 = Debug|Any CPU
		{F85EF970-2A8F-4544-BF80-59905A0661E1}.Release|Any CPU.ActiveCfg = Release|Any CPU
		{F85EF970-2A8F-4544-BF80-59905A0661E1}.Release|Any CPU.Build.0 = Release|Any CPU
		{0E99CCA7-E9B8-4D45-B9BE-4A0958AEC810}.Debug|Any CPU.ActiveCfg = Debug|Any CPU
		{0E99CCA7-E9B8-4D45-B9BE-4A0958AEC810}.Debug|Any CPU.Build.0 = Debug|Any CPU
		{0E99CCA7-E9B8-4D45-B9BE-4A0958AEC810}.Release|Any CPU.ActiveCfg = Release|Any CPU
		{0E99CCA7-E9B8-4D45-B9BE-4A0958AEC810}.Release|Any CPU.Build.0 = Release|Any CPU
	EndGlobalSection
	GlobalSection(SolutionProperties) = preSolution
		HideSolutionNode = FALSE
	EndGlobalSection
	GlobalSection(ExtensibilityGlobals) = postSolution
		SolutionGuid = {AF8E74DD-AD23-4251-827E-22E45BA8BE00}
	EndGlobalSection
EndGlobal
